
Microsoft Visual Studio Solution File, Format Version 12.00
# Visual Studio Version 16
VisualStudioVersion = 16.0.29905.134
MinimumVisualStudioVersion = 10.0.40219.1
Project("{9A19103F-16F7-4668-BE54-9A1E7A4F7556}") = "AutoLot.Api", "AutoLot.Api\AutoLot.Api.csproj", "{77623248-5AF1-4493-9628-A6673C79AF32}"
EndProject
Project("{9A19103F-16F7-4668-BE54-9A1E7A4F7556}") = "AutoLot.Mvc", "AutoLot.Mvc\AutoLot.Mvc.csproj", "{9309CCA3-CAE3-4CE5-80C2-881C17DFD123}"
EndProject
Project("{9A19103F-16F7-4668-BE54-9A1E7A4F7556}") = "AutoLot.Dal", "AutoLot.Dal\AutoLot.Dal.csproj", "{1851BE8D-8639-4507-97FB-27D70CBD7ACD}"
EndProject
Project("{9A19103F-16F7-4668-BE54-9A1E7A4F7556}") = "AutoLot.Dal.Models", "AutoLot.Dal.Models\AutoLot.Dal.Models.csproj", "{F3B224BB-7BFA-4C03-991B-BCD160E758E1}"
EndProject
Project("{9A19103F-16F7-4668-BE54-9A1E7A4F7556}") = "AutoLot.Dal.Tests", "AutoLot.Dal.Tests\AutoLot.Dal.Tests.csproj", "{C7FCE01D-8895-4C2D-973A-DB81D027E4D8}"
EndProject
Global
	GlobalSection(SolutionConfigurationPlatforms) = preSolution
		Debug|Any CPU = Debug|Any CPU
		Release|Any CPU = Release|Any CPU
	EndGlobalSection
	GlobalSection(ProjectConfigurationPlatforms) = postSolution
		{77623248-5AF1-4493-9628-A6673C79AF32}.Debug|Any CPU.ActiveCfg = Debug|Any CPU
		{77623248-5AF1-4493-9628-A6673C79AF32}.Debug|Any CPU.Build.0 = Debug|Any CPU
		{77623248-5AF1-4493-9628-A6673C79AF32}.Release|Any CPU.ActiveCfg = Release|Any CPU
		{77623248-5AF1-4493-9628-A6673C79AF32}.Release|Any CPU.Build.0 = Release|Any CPU
		{9309CCA3-CAE3-4CE5-80C2-881C17DFD123}.Debug|Any CPU.ActiveCfg = Debug|Any CPU
		{9309CCA3-CAE3-4CE5-80C2-881C17DFD123}.Debug|Any CPU.Build.0 = Debug|Any CPU
		{9309CCA3-CAE3-4CE5-80C2-881C17DFD123}.Release|Any CPU.ActiveCfg = Release|Any CPU
		{9309CCA3-CAE3-4CE5-80C2-881C17DFD123}.Release|Any CPU.Build.0 = Release|Any CPU
		{1851BE8D-8639-4507-97FB-27D70CBD7ACD}.Debug|Any CPU.ActiveCfg = Debug|Any CPU
		{1851BE8D-8639-4507-97FB-27D70CBD7ACD}.Debug|Any CPU.Build.0 = Debug|Any CPU
		{1851BE8D-8639-4507-97FB-27D70CBD7ACD}.Release|Any CPU.ActiveCfg = Release|Any CPU
		{1851BE8D-8639-4507-97FB-27D70CBD7ACD}.Release|Any CPU.Build.0 = Release|Any CPU
		{F3B224BB-7BFA-4C03-991B-BCD160E758E1}.Debug|Any CPU.ActiveCfg = Debug|Any CPU
		{F3B224BB-7BFA-4C03-991B-BCD160E758E1}.Debug|Any CPU.Build.0 = Debug|Any CPU
		{F3B224BB-7BFA-4C03-991B-BCD160E758E1}.Release|Any CPU.ActiveCfg = Release|Any CPU
		{F3B224BB-7BFA-4C03-991B-BCD160E758E1}.Release|Any CPU.Build.0 = Release|Any CPU
		{C7FCE01D-8895-4C2D-973A-DB81D027E4D8}.Debug|Any CPU.ActiveCfg = Debug|Any CPU
		{C7FCE01D-8895-4C2D-973A-DB81D027E4D8}.Debug|Any CPU.Build.0 = Debug|Any CPU
		{C7FCE01D-8895-4C2D-973A-DB81D027E4D8}.Release|Any CPU.ActiveCfg = Release|Any CPU
		{C7FCE01D-8895-4C2D-973A-DB81D027E4D8}.Release|Any CPU.Build.0 = Release|Any CPU
	EndGlobalSection
	GlobalSection(SolutionProperties) = preSolution
		HideSolutionNode = FALSE
	EndGlobalSection
	GlobalSection(ExtensibilityGlobals) = postSolution
		SolutionGuid = {2CDD2FCD-25D0-4C14-A2EF-3A0E398959F9}
	EndGlobalSection
EndGlobal
